
Microsoft Visual Studio Solution File, Format Version 12.00
# Visual Studio Version 17
VisualStudioVersion = 17.6.33815.320
MinimumVisualStudioVersion = 10.0.40219.1
Project("{FAE04EC0-301F-11D3-BF4B-00C04F79EFBC}") = "StaticFileAuthorization", "StaticFileAuthorization\StaticFileAuthorization.csproj", "{32F6F89C-C4C3-449F-B328-425277F63BDB}"
EndProject
Global
	GlobalSection(SolutionConfigurationPlatforms) = preSolution
		Debug|Any CPU = Debug|Any CPU
		Release|Any CPU = Release|Any CPU
	EndGlobalSection
	GlobalSection(ProjectConfigurationPlatforms) = postSolution
		{32F6F89C-C4C3-449F-B328-425277F63BDB}.Debug|Any CPU.ActiveCfg = Debug|Any CPU
		{32F6F89C-C4C3-449F-B328-425277F63BDB}.Debug|Any CPU.Build.0 = Debug|Any CPU
		{32F6F89C-C4C3-449F-B328-425277F63BDB}.Release|Any CPU.ActiveCfg = Release|Any CPU
		{32F6F89C-C4C3-449F-B328-425277F63BDB}.Release|Any CPU.Build.0 = Release|Any CPU
	EndGlobalSection
	GlobalSection(SolutionProperties) = preSolution
		HideSolutionNode = FALSE
	EndGlobalSection
	GlobalSection(ExtensibilityGlobals) = postSolution
		SolutionGuid = {5721ED6B-8E9D-4B5F-BDAA-F06E24F9F1BA}
	EndGlobalSection
EndGlobal
